
Microsoft Visual Studio Solution File, Format Version 12.00
# Visual Studio Version 17
VisualStudioVersion = 17.8.34316.72
MinimumVisualStudioVersion = 10.0.40219.1
Project("{9A19103F-16F7-4668-BE54-9A1E7A4F7556}") = "GoodPatient.MVC", "GoodPatient.MVC\GoodPatient.MVC.csproj", "{A6287C7A-3DB0-4704-9789-36CD99DCD81F}"
EndProject
Project("{9A19103F-16F7-4668-BE54-9A1E7A4F7556}") = "GoodPatient.Application", "GoodPatient.Application\GoodPatient.Application.csproj", "{DC09E341-1A98-43C9-99DB-AB54A8FA097F}"
EndProject
Project("{9A19103F-16F7-4668-BE54-9A1E7A4F7556}") = "GoodPatient.Domain", "GoodPatient.Domain\GoodPatient.Domain.csproj", "{83AAB6D5-BF27-4A89-96A2-3EC831BB7DD7}"
EndProject
Project("{9A19103F-16F7-4668-BE54-9A1E7A4F7556}") = "GoodPatient.Infrastructure", "GoodPatient.Infrastructure\GoodPatient.Infrastructure.csproj", "{44AE585B-A606-4A87-ACEC-74E5687B5C80}"
EndProject
Global
	GlobalSection(SolutionConfigurationPlatforms) = preSolution
		Debug|Any CPU = Debug|Any CPU
		Release|Any CPU = Release|Any CPU
	EndGlobalSection
	GlobalSection(ProjectConfigurationPlatforms) = postSolution
		{A6287C7A-3DB0-4704-9789-36CD99DCD81F}.Debug|Any CPU.ActiveCfg = Debug|Any CPU
		{A6287C7A-3DB0-4704-9789-36CD99DCD81F}.Debug|Any CPU.Build.0 = Debug|Any CPU
		{A6287C7A-3DB0-4704-9789-36CD99DCD81F}.Release|Any CPU.ActiveCfg = Release|Any CPU
		{A6287C7A-3DB0-4704-9789-36CD99DCD81F}.Release|Any CPU.Build.0 = Release|Any CPU
		{DC09E341-1A98-43C9-99DB-AB54A8FA097F}.Debug|Any CPU.ActiveCfg = Debug|Any CPU
		{DC09E341-1A98-43C9-99DB-AB54A8FA097F}.Debug|Any CPU.Build.0 = Debug|Any CPU
		{DC09E341-1A98-43C9-99DB-AB54A8FA097F}.Release|Any CPU.ActiveCfg = Release|Any CPU
		{DC09E341-1A98-43C9-99DB-AB54A8FA097F}.Release|Any CPU.Build.0 = Release|Any CPU
		{83AAB6D5-BF27-4A89-96A2-3EC831BB7DD7}.Debug|Any CPU.ActiveCfg = Debug|Any CPU
		{83AAB6D5-BF27-4A89-96A2-3EC831BB7DD7}.Debug|Any CPU.Build.0 = Debug|Any CPU
		{83AAB6D5-BF27-4A89-96A2-3EC831BB7DD7}.Release|Any CPU.ActiveCfg = Release|Any CPU
		{83AAB6D5-BF27-4A89-96A2-3EC831BB7DD7}.Release|Any CPU.Build.0 = Release|Any CPU
		{44AE585B-A606-4A87-ACEC-74E5687B5C80}.Debug|Any CPU.ActiveCfg = Debug|Any CPU
		{44AE585B-A606-4A87-ACEC-74E5687B5C80}.Debug|Any CPU.Build.0 = Debug|Any CPU
		{44AE585B-A606-4A87-ACEC-74E5687B5C80}.Release|Any CPU.ActiveCfg = Release|Any CPU
		{44AE585B-A606-4A87-ACEC-74E5687B5C80}.Release|Any CPU.Build.0 = Release|Any CPU
	EndGlobalSection
	GlobalSection(SolutionProperties) = preSolution
		HideSolutionNode = FALSE
	EndGlobalSection
	GlobalSection(ExtensibilityGlobals) = postSolution
		SolutionGuid = {821C5545-BA4E-4625-A074-9A7E11D4CC1A}
	EndGlobalSection
EndGlobal
